
Microsoft Visual Studio Solution File, Format Version 12.00
# Visual Studio Version 17
VisualStudioVersion = 17.11.35312.102
MinimumVisualStudioVersion = 10.0.40219.1
Project("{FAE04EC0-301F-11D3-BF4B-00C04F79EFBC}") = "QLSinhVien", "QLSinhVien\QLSinhVien.csproj", "{23B7CBF9-2590-466B-8AD1-4DB0ABC75321}"
EndProject
Global
	GlobalSection(SolutionConfigurationPlatforms) = preSolution
		Debug|Any CPU = Debug|Any CPU
		Release|Any CPU = Release|Any CPU
	EndGlobalSection
	GlobalSection(ProjectConfigurationPlatforms) = postSolution
		{23B7CBF9-2590-466B-8AD1-4DB0ABC75321}.Debug|Any CPU.ActiveCfg = Debug|Any CPU
		{23B7CBF9-2590-466B-8AD1-4DB0ABC75321}.Debug|Any CPU.Build.0 = Debug|Any CPU
		{23B7CBF9-2590-466B-8AD1-4DB0ABC75321}.Release|Any CPU.ActiveCfg = Release|Any CPU
		{23B7CBF9-2590-466B-8AD1-4DB0ABC75321}.Release|Any CPU.Build.0 = Release|Any CPU
	EndGlobalSection
	GlobalSection(SolutionProperties) = preSolution
		HideSolutionNode = FALSE
	EndGlobalSection
	GlobalSection(ExtensibilityGlobals) = postSolution
		SolutionGuid = {4F260FD4-DF57-4955-BE06-1C3B3179AD2C}
	EndGlobalSection
EndGlobal
